
Microsoft Visual Studio Solution File, Format Version 12.00
# Visual Studio Version 17
VisualStudioVersion = 17.4.33122.133
MinimumVisualStudioVersion = 10.0.40219.1
Project("{FAE04EC0-301F-11D3-BF4B-00C04F79EFBC}") = "Basic of .NET framework With Unit Tests", "Basic of .NET framework With Unit Tests\Basic of .NET framework With Unit Tests.csproj", "{273138F2-87AD-4C72-A7CE-9AF6B29A549D}"
EndProject
Global
	GlobalSection(SolutionConfigurationPlatforms) = preSolution
		Debug|Any CPU = Debug|Any CPU
		Release|Any CPU = Release|Any CPU
	EndGlobalSection
	GlobalSection(ProjectConfigurationPlatforms) = postSolution
		{273138F2-87AD-4C72-A7CE-9AF6B29A549D}.Debug|Any CPU.ActiveCfg = Debug|Any CPU
		{273138F2-87AD-4C72-A7CE-9AF6B29A549D}.Debug|Any CPU.Build.0 = Debug|Any CPU
		{273138F2-87AD-4C72-A7CE-9AF6B29A549D}.Release|Any CPU.ActiveCfg = Release|Any CPU
		{273138F2-87AD-4C72-A7CE-9AF6B29A549D}.Release|Any CPU.Build.0 = Release|Any CPU
	EndGlobalSection
	GlobalSection(SolutionProperties) = preSolution
		HideSolutionNode = FALSE
	EndGlobalSection
	GlobalSection(ExtensibilityGlobals) = postSolution
		SolutionGuid = {3EF0141D-DA5F-4DDA-9321-1F5E5F796BC9}
	EndGlobalSection
EndGlobal
