
Microsoft Visual Studio Solution File, Format Version 12.00
# Visual Studio Version 17
VisualStudioVersion = 17.4.33122.133
MinimumVisualStudioVersion = 10.0.40219.1
Project("{9A19103F-16F7-4668-BE54-9A1E7A4F7556}") = "BasicOfNETFrameworkAndCSharpWithUnitTests", "BasicOf.NETFrameworkAndCSharpWithUnitTests\BasicOfNETFrameworkAndCSharpWithUnitTests.csproj", "{FD62A854-2872-45D3-9CAA-13CB1A00A3E9}"
EndProject
Project("{FAE04EC0-301F-11D3-BF4B-00C04F79EFBC}") = "MessageTest", "MessageTest2\MessageTest.csproj", "{10697994-BB98-4314-A67F-E2DDF29785D2}"
EndProject
Global
	GlobalSection(SolutionConfigurationPlatforms) = preSolution
		Debug|Any CPU = Debug|Any CPU
		Release|Any CPU = Release|Any CPU
	EndGlobalSection
	GlobalSection(ProjectConfigurationPlatforms) = postSolution
		{FD62A854-2872-45D3-9CAA-13CB1A00A3E9}.Debug|Any CPU.ActiveCfg = Debug|Any CPU
		{FD62A854-2872-45D3-9CAA-13CB1A00A3E9}.Debug|Any CPU.Build.0 = Debug|Any CPU
		{FD62A854-2872-45D3-9CAA-13CB1A00A3E9}.Release|Any CPU.ActiveCfg = Release|Any CPU
		{FD62A854-2872-45D3-9CAA-13CB1A00A3E9}.Release|Any CPU.Build.0 = Release|Any CPU
		{10697994-BB98-4314-A67F-E2DDF29785D2}.Debug|Any CPU.ActiveCfg = Debug|Any CPU
		{10697994-BB98-4314-A67F-E2DDF29785D2}.Debug|Any CPU.Build.0 = Debug|Any CPU
		{10697994-BB98-4314-A67F-E2DDF29785D2}.Release|Any CPU.ActiveCfg = Release|Any CPU
		{10697994-BB98-4314-A67F-E2DDF29785D2}.Release|Any CPU.Build.0 = Release|Any CPU
	EndGlobalSection
	GlobalSection(SolutionProperties) = preSolution
		HideSolutionNode = FALSE
	EndGlobalSection
	GlobalSection(ExtensibilityGlobals) = postSolution
		SolutionGuid = {3EF0141D-DA5F-4DDA-9321-1F5E5F796BC9}
	EndGlobalSection
EndGlobal
